
Microsoft Visual Studio Solution File, Format Version 12.00
# Visual Studio 15
VisualStudioVersion = 15.0.27703.2000
MinimumVisualStudioVersion = 10.0.40219.1
Project("{FAE04EC0-301F-11D3-BF4B-00C04F79EFBC}") = "LikeyLikey.Android", "LikeyLikey\LikeyLikey.Android\LikeyLikey.Android.csproj", "{28CAA1C1-90A1-4827-B769-EC69327526A2}"
EndProject
Project("{FAE04EC0-301F-11D3-BF4B-00C04F79EFBC}") = "LikeyLikey.iOS", "LikeyLikey\LikeyLikey.iOS\LikeyLikey.iOS.csproj", "{D90BE40C-7A70-4EC8-825F-A256076F4DE8}"
EndProject
Project("{D954291E-2A0B-460D-934E-DC6B0785DB48}") = "LikeyLikey", "LikeyLikey\LikeyLikey\LikeyLikey.shproj", "{CA5FA194-9682-4CF6-9A5C-FC9AAC9EEB4A}"
EndProject
Project("{FAE04EC0-301F-11D3-BF4B-00C04F79EFBC}") = "LikeyLikey.Android.Tests", "LikeyLikey.Android.Tests\LikeyLikey.Android.Tests.csproj", "{FFB08E93-3B85-4FEE-B3DA-85A4ED045781}"
EndProject
Project("{FAE04EC0-301F-11D3-BF4B-00C04F79EFBC}") = "LightCaseClient", "E:\Development\LightCaseClient\LightCaseClient\LightCaseClient.csproj", "{C491C1EE-B395-47A2-B789-07990A7857AA}"
EndProject
Global
	GlobalSection(SharedMSBuildProjectFiles) = preSolution
		LikeyLikey\LikeyLikey\LikeyLikey.projitems*{28caa1c1-90a1-4827-b769-ec69327526a2}*SharedItemsImports = 4
		LikeyLikey\LikeyLikey\LikeyLikey.projitems*{ca5fa194-9682-4cf6-9a5c-fc9aac9eeb4a}*SharedItemsImports = 13
		LikeyLikey\LikeyLikey\LikeyLikey.projitems*{d90be40c-7a70-4ec8-825f-a256076f4de8}*SharedItemsImports = 4
	EndGlobalSection
	GlobalSection(SolutionConfigurationPlatforms) = preSolution
		Ad-Hoc|Any CPU = Ad-Hoc|Any CPU
		Ad-Hoc|ARM = Ad-Hoc|ARM
		Ad-Hoc|iPhone = Ad-Hoc|iPhone
		Ad-Hoc|iPhoneSimulator = Ad-Hoc|iPhoneSimulator
		Ad-Hoc|x64 = Ad-Hoc|x64
		Ad-Hoc|x86 = Ad-Hoc|x86
		AppStore|Any CPU = AppStore|Any CPU
		AppStore|ARM = AppStore|ARM
		AppStore|iPhone = AppStore|iPhone
		AppStore|iPhoneSimulator = AppStore|iPhoneSimulator
		AppStore|x64 = AppStore|x64
		AppStore|x86 = AppStore|x86
		Debug|Any CPU = Debug|Any CPU
		Debug|ARM = Debug|ARM
		Debug|iPhone = Debug|iPhone
		Debug|iPhoneSimulator = Debug|iPhoneSimulator
		Debug|x64 = Debug|x64
		Debug|x86 = Debug|x86
		Release|Any CPU = Release|Any CPU
		Release|ARM = Release|ARM
		Release|iPhone = Release|iPhone
		Release|iPhoneSimulator = Release|iPhoneSimulator
		Release|x64 = Release|x64
		Release|x86 = Release|x86
	EndGlobalSection
	GlobalSection(ProjectConfigurationPlatforms) = postSolution
		{28CAA1C1-90A1-4827-B769-EC69327526A2}.Ad-Hoc|Any CPU.ActiveCfg = Release|Any CPU
		{28CAA1C1-90A1-4827-B769-EC69327526A2}.Ad-Hoc|Any CPU.Build.0 = Release|Any CPU
		{28CAA1C1-90A1-4827-B769-EC69327526A2}.Ad-Hoc|Any CPU.Deploy.0 = Release|Any CPU
		{28CAA1C1-90A1-4827-B769-EC69327526A2}.Ad-Hoc|ARM.ActiveCfg = Release|Any CPU
		{28CAA1C1-90A1-4827-B769-EC69327526A2}.Ad-Hoc|ARM.Build.0 = Release|Any CPU
		{28CAA1C1-90A1-4827-B769-EC69327526A2}.Ad-Hoc|ARM.Deploy.0 = Release|Any CPU
		{28CAA1C1-90A1-4827-B769-EC69327526A2}.Ad-Hoc|iPhone.ActiveCfg = Release|Any CPU
		{28CAA1C1-90A1-4827-B769-EC69327526A2}.Ad-Hoc|iPhone.Build.0 = Release|Any CPU
		{28CAA1C1-90A1-4827-B769-EC69327526A2}.Ad-Hoc|iPhone.Deploy.0 = Release|Any CPU
		{28CAA1C1-90A1-4827-B769-EC69327526A2}.Ad-Hoc|iPhoneSimulator.ActiveCfg = Release|Any CPU
		{28CAA1C1-90A1-4827-B769-EC69327526A2}.Ad-Hoc|iPhoneSimulator.Build.0 = Release|Any CPU
		{28CAA1C1-90A1-4827-B769-EC69327526A2}.Ad-Hoc|iPhoneSimulator.Deploy.0 = Release|Any CPU
		{28CAA1C1-90A1-4827-B769-EC69327526A2}.Ad-Hoc|x64.ActiveCfg = Release|Any CPU
		{28CAA1C1-90A1-4827-B769-EC69327526A2}.Ad-Hoc|x64.Build.0 = Release|Any CPU
		{28CAA1C1-90A1-4827-B769-EC69327526A2}.Ad-Hoc|x64.Deploy.0 = Release|Any CPU
		{28CAA1C1-90A1-4827-B769-EC69327526A2}.Ad-Hoc|x86.ActiveCfg = Release|Any CPU
		{28CAA1C1-90A1-4827-B769-EC69327526A2}.Ad-Hoc|x86.Build.0 = Release|Any CPU
		{28CAA1C1-90A1-4827-B769-EC69327526A2}.Ad-Hoc|x86.Deploy.0 = Release|Any CPU
		{28CAA1C1-90A1-4827-B769-EC69327526A2}.AppStore|Any CPU.ActiveCfg = Release|Any CPU
		{28CAA1C1-90A1-4827-B769-EC69327526A2}.AppStore|Any CPU.Build.0 = Release|Any CPU
		{28CAA1C1-90A1-4827-B769-EC69327526A2}.AppStore|Any CPU.Deploy.0 = Release|Any CPU
		{28CAA1C1-90A1-4827-B769-EC69327526A2}.AppStore|ARM.ActiveCfg = Release|Any CPU
		{28CAA1C1-90A1-4827-B769-EC69327526A2}.AppStore|ARM.Build.0 = Release|Any CPU
		{28CAA1C1-90A1-4827-B769-EC69327526A2}.AppStore|ARM.Deploy.0 = Release|Any CPU
		{28CAA1C1-90A1-4827-B769-EC69327526A2}.AppStore|iPhone.ActiveCfg = Release|Any CPU
		{28CAA1C1-90A1-4827-B769-EC69327526A2}.AppStore|iPhone.Build.0 = Release|Any CPU
		{28CAA1C1-90A1-4827-B769-EC69327526A2}.AppStore|iPhone.Deploy.0 = Release|Any CPU
		{28CAA1C1-90A1-4827-B769-EC69327526A2}.AppStore|iPhoneSimulator.ActiveCfg = Release|Any CPU
		{28CAA1C1-90A1-4827-B769-EC69327526A2}.AppStore|iPhoneSimulator.Build.0 = Release|Any CPU
		{28CAA1C1-90A1-4827-B769-EC69327526A2}.AppStore|iPhoneSimulator.Deploy.0 = Release|Any CPU
		{28CAA1C1-90A1-4827-B769-EC69327526A2}.AppStore|x64.ActiveCfg = Release|Any CPU
		{28CAA1C1-90A1-4827-B769-EC69327526A2}.AppStore|x64.Build.0 = Release|Any CPU
		{28CAA1C1-90A1-4827-B769-EC69327526A2}.AppStore|x64.Deploy.0 = Release|Any CPU
		{28CAA1C1-90A1-4827-B769-EC69327526A2}.AppStore|x86.ActiveCfg = Release|Any CPU
		{28CAA1C1-90A1-4827-B769-EC69327526A2}.AppStore|x86.Build.0 = Release|Any CPU
		{28CAA1C1-90A1-4827-B769-EC69327526A2}.AppStore|x86.Deploy.0 = Release|Any CPU
		{28CAA1C1-90A1-4827-B769-EC69327526A2}.Debug|Any CPU.ActiveCfg = Debug|Any CPU
		{28CAA1C1-90A1-4827-B769-EC69327526A2}.Debug|Any CPU.Build.0 = Debug|Any CPU
		{28CAA1C1-90A1-4827-B769-EC69327526A2}.Debug|Any CPU.Deploy.0 = Debug|Any CPU
		{28CAA1C1-90A1-4827-B769-EC69327526A2}.Debug|ARM.ActiveCfg = Debug|Any CPU
		{28CAA1C1-90A1-4827-B769-EC69327526A2}.Debug|ARM.Build.0 = Debug|Any CPU
		{28CAA1C1-90A1-4827-B769-EC69327526A2}.Debug|ARM.Deploy.0 = Debug|Any CPU
		{28CAA1C1-90A1-4827-B769-EC69327526A2}.Debug|iPhone.ActiveCfg = Debug|Any CPU
		{28CAA1C1-90A1-4827-B769-EC69327526A2}.Debug|iPhone.Build.0 = Debug|Any CPU
		{28CAA1C1-90A1-4827-B769-EC69327526A2}.Debug|iPhone.Deploy.0 = Debug|Any CPU
		{28CAA1C1-90A1-4827-B769-EC69327526A2}.Debug|iPhoneSimulator.ActiveCfg = Debug|Any CPU
		{28CAA1C1-90A1-4827-B769-EC69327526A2}.Debug|iPhoneSimulator.Build.0 = Debug|Any CPU
		{28CAA1C1-90A1-4827-B769-EC69327526A2}.Debug|iPhoneSimulator.Deploy.0 = Debug|Any CPU
		{28CAA1C1-90A1-4827-B769-EC69327526A2}.Debug|x64.ActiveCfg = Debug|Any CPU
		{28CAA1C1-90A1-4827-B769-EC69327526A2}.Debug|x64.Build.0 = Debug|Any CPU
		{28CAA1C1-90A1-4827-B769-EC69327526A2}.Debug|x64.Deploy.0 = Debug|Any CPU
		{28CAA1C1-90A1-4827-B769-EC69327526A2}.Debug|x86.ActiveCfg = Debug|Any CPU
		{28CAA1C1-90A1-4827-B769-EC69327526A2}.Debug|x86.Build.0 = Debug|Any CPU
		{28CAA1C1-90A1-4827-B769-EC69327526A2}.Debug|x86.Deploy.0 = Debug|Any CPU
		{28CAA1C1-90A1-4827-B769-EC69327526A2}.Release|Any CPU.ActiveCfg = Release|Any CPU
		{28CAA1C1-90A1-4827-B769-EC69327526A2}.Release|Any CPU.Build.0 = Release|Any CPU
		{28CAA1C1-90A1-4827-B769-EC69327526A2}.Release|Any CPU.Deploy.0 = Release|Any CPU
		{28CAA1C1-90A1-4827-B769-EC69327526A2}.Release|ARM.ActiveCfg = Release|Any CPU
		{28CAA1C1-90A1-4827-B769-EC69327526A2}.Release|ARM.Build.0 = Release|Any CPU
		{28CAA1C1-90A1-4827-B769-EC69327526A2}.Release|ARM.Deploy.0 = Release|Any CPU
		{28CAA1C1-90A1-4827-B769-EC69327526A2}.Release|iPhone.ActiveCfg = Release|Any CPU
		{28CAA1C1-90A1-4827-B769-EC69327526A2}.Release|iPhone.Build.0 = Release|Any CPU
		{28CAA1C1-90A1-4827-B769-EC69327526A2}.Release|iPhone.Deploy.0 = Release|Any CPU
		{28CAA1C1-90A1-4827-B769-EC69327526A2}.Release|iPhoneSimulator.ActiveCfg = Release|Any CPU
		{28CAA1C1-90A1-4827-B769-EC69327526A2}.Release|iPhoneSimulator.Build.0 = Release|Any CPU
		{28CAA1C1-90A1-4827-B769-EC69327526A2}.Release|iPhoneSimulator.Deploy.0 = Release|Any CPU
		{28CAA1C1-90A1-4827-B769-EC69327526A2}.Release|x64.ActiveCfg = Release|Any CPU
		{28CAA1C1-90A1-4827-B769-EC69327526A2}.Release|x64.Build.0 = Release|Any CPU
		{28CAA1C1-90A1-4827-B769-EC69327526A2}.Release|x64.Deploy.0 = Release|Any CPU
		{28CAA1C1-90A1-4827-B769-EC69327526A2}.Release|x86.ActiveCfg = Release|Any CPU
		{28CAA1C1-90A1-4827-B769-EC69327526A2}.Release|x86.Build.0 = Release|Any CPU
		{28CAA1C1-90A1-4827-B769-EC69327526A2}.Release|x86.Deploy.0 = Release|Any CPU
		{D90BE40C-7A70-4EC8-825F-A256076F4DE8}.Ad-Hoc|Any CPU.ActiveCfg = Ad-Hoc|iPhone
		{D90BE40C-7A70-4EC8-825F-A256076F4DE8}.Ad-Hoc|Any CPU.Build.0 = Ad-Hoc|iPhone
		{D90BE40C-7A70-4EC8-825F-A256076F4DE8}.Ad-Hoc|Any CPU.Deploy.0 = Ad-Hoc|iPhone
		{D90BE40C-7A70-4EC8-825F-A256076F4DE8}.Ad-Hoc|ARM.ActiveCfg = Ad-Hoc|iPhone
		{D90BE40C-7A70-4EC8-825F-A256076F4DE8}.Ad-Hoc|ARM.Build.0 = Ad-Hoc|iPhone
		{D90BE40C-7A70-4EC8-825F-A256076F4DE8}.Ad-Hoc|ARM.Deploy.0 = Ad-Hoc|iPhone
		{D90BE40C-7A70-4EC8-825F-A256076F4DE8}.Ad-Hoc|iPhone.ActiveCfg = Ad-Hoc|iPhone
		{D90BE40C-7A70-4EC8-825F-A256076F4DE8}.Ad-Hoc|iPhone.Build.0 = Ad-Hoc|iPhone
		{D90BE40C-7A70-4EC8-825F-A256076F4DE8}.Ad-Hoc|iPhone.Deploy.0 = Ad-Hoc|iPhone
		{D90BE40C-7A70-4EC8-825F-A256076F4DE8}.Ad-Hoc|iPhoneSimulator.ActiveCfg = Ad-Hoc|iPhoneSimulator
		{D90BE40C-7A70-4EC8-825F-A256076F4DE8}.Ad-Hoc|iPhoneSimulator.Build.0 = Ad-Hoc|iPhoneSimulator
		{D90BE40C-7A70-4EC8-825F-A256076F4DE8}.Ad-Hoc|iPhoneSimulator.Deploy.0 = Ad-Hoc|iPhoneSimulator
		{D90BE40C-7A70-4EC8-825F-A256076F4DE8}.Ad-Hoc|x64.ActiveCfg = Ad-Hoc|iPhone
		{D90BE40C-7A70-4EC8-825F-A256076F4DE8}.Ad-Hoc|x64.Build.0 = Ad-Hoc|iPhone
		{D90BE40C-7A70-4EC8-825F-A256076F4DE8}.Ad-Hoc|x64.Deploy.0 = Ad-Hoc|iPhone
		{D90BE40C-7A70-4EC8-825F-A256076F4DE8}.Ad-Hoc|x86.ActiveCfg = Ad-Hoc|iPhone
		{D90BE40C-7A70-4EC8-825F-A256076F4DE8}.Ad-Hoc|x86.Build.0 = Ad-Hoc|iPhone
		{D90BE40C-7A70-4EC8-825F-A256076F4DE8}.Ad-Hoc|x86.Deploy.0 = Ad-Hoc|iPhone
		{D90BE40C-7A70-4EC8-825F-A256076F4DE8}.AppStore|Any CPU.ActiveCfg = AppStore|iPhone
		{D90BE40C-7A70-4EC8-825F-A256076F4DE8}.AppStore|Any CPU.Build.0 = AppStore|iPhone
		{D90BE40C-7A70-4EC8-825F-A256076F4DE8}.AppStore|Any CPU.Deploy.0 = AppStore|iPhone
		{D90BE40C-7A70-4EC8-825F-A256076F4DE8}.AppStore|ARM.ActiveCfg = AppStore|iPhone
		{D90BE40C-7A70-4EC8-825F-A256076F4DE8}.AppStore|ARM.Build.0 = AppStore|iPhone
		{D90BE40C-7A70-4EC8-825F-A256076F4DE8}.AppStore|ARM.Deploy.0 = AppStore|iPhone
		{D90BE40C-7A70-4EC8-825F-A256076F4DE8}.AppStore|iPhone.ActiveCfg = AppStore|iPhone
		{D90BE40C-7A70-4EC8-825F-A256076F4DE8}.AppStore|iPhone.Build.0 = AppStore|iPhone
		{D90BE40C-7A70-4EC8-825F-A256076F4DE8}.AppStore|iPhone.Deploy.0 = AppStore|iPhone
		{D90BE40C-7A70-4EC8-825F-A256076F4DE8}.AppStore|iPhoneSimulator.ActiveCfg = AppStore|iPhoneSimulator
		{D90BE40C-7A70-4EC8-825F-A256076F4DE8}.AppStore|iPhoneSimulator.Build.0 = AppStore|iPhoneSimulator
		{D90BE40C-7A70-4EC8-825F-A256076F4DE8}.AppStore|iPhoneSimulator.Deploy.0 = AppStore|iPhoneSimulator
		{D90BE40C-7A70-4EC8-825F-A256076F4DE8}.AppStore|x64.ActiveCfg = AppStore|iPhone
		{D90BE40C-7A70-4EC8-825F-A256076F4DE8}.AppStore|x64.Build.0 = AppStore|iPhone
		{D90BE40C-7A70-4EC8-825F-A256076F4DE8}.AppStore|x64.Deploy.0 = AppStore|iPhone
		{D90BE40C-7A70-4EC8-825F-A256076F4DE8}.AppStore|x86.ActiveCfg = AppStore|iPhone
		{D90BE40C-7A70-4EC8-825F-A256076F4DE8}.AppStore|x86.Build.0 = AppStore|iPhone
		{D90BE40C-7A70-4EC8-825F-A256076F4DE8}.AppStore|x86.Deploy.0 = AppStore|iPhone
		{D90BE40C-7A70-4EC8-825F-A256076F4DE8}.Debug|Any CPU.ActiveCfg = Debug|iPhoneSimulator
		{D90BE40C-7A70-4EC8-825F-A256076F4DE8}.Debug|Any CPU.Build.0 = Debug|iPhoneSimulator
		{D90BE40C-7A70-4EC8-825F-A256076F4DE8}.Debug|Any CPU.Deploy.0 = Debug|iPhoneSimulator
		{D90BE40C-7A70-4EC8-825F-A256076F4DE8}.Debug|ARM.ActiveCfg = Debug|iPhone
		{D90BE40C-7A70-4EC8-825F-A256076F4DE8}.Debug|ARM.Build.0 = Debug|iPhone
		{D90BE40C-7A70-4EC8-825F-A256076F4DE8}.Debug|ARM.Deploy.0 = Debug|iPhone
		{D90BE40C-7A70-4EC8-825F-A256076F4DE8}.Debug|iPhone.ActiveCfg = Debug|iPhone
		{D90BE40C-7A70-4EC8-825F-A256076F4DE8}.Debug|iPhone.Build.0 = Debug|iPhone
		{D90BE40C-7A70-4EC8-825F-A256076F4DE8}.Debug|iPhone.Deploy.0 = Debug|iPhone
		{D90BE40C-7A70-4EC8-825F-A256076F4DE8}.Debug|iPhoneSimulator.ActiveCfg = Debug|iPhoneSimulator
		{D90BE40C-7A70-4EC8-825F-A256076F4DE8}.Debug|iPhoneSimulator.Build.0 = Debug|iPhoneSimulator
		{D90BE40C-7A70-4EC8-825F-A256076F4DE8}.Debug|iPhoneSimulator.Deploy.0 = Debug|iPhoneSimulator
		{D90BE40C-7A70-4EC8-825F-A256076F4DE8}.Debug|x64.ActiveCfg = Debug|iPhone
		{D90BE40C-7A70-4EC8-825F-A256076F4DE8}.Debug|x64.Build.0 = Debug|iPhone
		{D90BE40C-7A70-4EC8-825F-A256076F4DE8}.Debug|x64.Deploy.0 = Debug|iPhone
		{D90BE40C-7A70-4EC8-825F-A256076F4DE8}.Debug|x86.ActiveCfg = Debug|iPhone
		{D90BE40C-7A70-4EC8-825F-A256076F4DE8}.Debug|x86.Build.0 = Debug|iPhone
		{D90BE40C-7A70-4EC8-825F-A256076F4DE8}.Debug|x86.Deploy.0 = Debug|iPhone
		{D90BE40C-7A70-4EC8-825F-A256076F4DE8}.Release|Any CPU.ActiveCfg = Release|iPhone
		{D90BE40C-7A70-4EC8-825F-A256076F4DE8}.Release|Any CPU.Build.0 = Release|iPhone
		{D90BE40C-7A70-4EC8-825F-A256076F4DE8}.Release|Any CPU.Deploy.0 = Release|iPhone
		{D90BE40C-7A70-4EC8-825F-A256076F4DE8}.Release|ARM.ActiveCfg = Release|iPhone
		{D90BE40C-7A70-4EC8-825F-A256076F4DE8}.Release|ARM.Build.0 = Release|iPhone
		{D90BE40C-7A70-4EC8-825F-A256076F4DE8}.Release|ARM.Deploy.0 = Release|iPhone
		{D90BE40C-7A70-4EC8-825F-A256076F4DE8}.Release|iPhone.ActiveCfg = Release|iPhone
		{D90BE40C-7A70-4EC8-825F-A256076F4DE8}.Release|iPhone.Build.0 = Release|iPhone
		{D90BE40C-7A70-4EC8-825F-A256076F4DE8}.Release|iPhone.Deploy.0 = Release|iPhone
		{D90BE40C-7A70-4EC8-825F-A256076F4DE8}.Release|iPhoneSimulator.ActiveCfg = Release|iPhoneSimulator
		{D90BE40C-7A70-4EC8-825F-A256076F4DE8}.Release|iPhoneSimulator.Build.0 = Release|iPhoneSimulator
		{D90BE40C-7A70-4EC8-825F-A256076F4DE8}.Release|iPhoneSimulator.Deploy.0 = Release|iPhoneSimulator
		{D90BE40C-7A70-4EC8-825F-A256076F4DE8}.Release|x64.ActiveCfg = Release|iPhone
		{D90BE40C-7A70-4EC8-825F-A256076F4DE8}.Release|x64.Build.0 = Release|iPhone
		{D90BE40C-7A70-4EC8-825F-A256076F4DE8}.Release|x64.Deploy.0 = Release|iPhone
		{D90BE40C-7A70-4EC8-825F-A256076F4DE8}.Release|x86.ActiveCfg = Release|iPhone
		{D90BE40C-7A70-4EC8-825F-A256076F4DE8}.Release|x86.Build.0 = Release|iPhone
		{D90BE40C-7A70-4EC8-825F-A256076F4DE8}.Release|x86.Deploy.0 = Release|iPhone
		{FFB08E93-3B85-4FEE-B3DA-85A4ED045781}.Ad-Hoc|Any CPU.ActiveCfg = Release|Any CPU
		{FFB08E93-3B85-4FEE-B3DA-85A4ED045781}.Ad-Hoc|Any CPU.Build.0 = Release|Any CPU
		{FFB08E93-3B85-4FEE-B3DA-85A4ED045781}.Ad-Hoc|ARM.ActiveCfg = Release|Any CPU
		{FFB08E93-3B85-4FEE-B3DA-85A4ED045781}.Ad-Hoc|ARM.Build.0 = Release|Any CPU
		{FFB08E93-3B85-4FEE-B3DA-85A4ED045781}.Ad-Hoc|iPhone.ActiveCfg = Release|Any CPU
		{FFB08E93-3B85-4FEE-B3DA-85A4ED045781}.Ad-Hoc|iPhone.Build.0 = Release|Any CPU
		{FFB08E93-3B85-4FEE-B3DA-85A4ED045781}.Ad-Hoc|iPhoneSimulator.ActiveCfg = Release|Any CPU
		{FFB08E93-3B85-4FEE-B3DA-85A4ED045781}.Ad-Hoc|iPhoneSimulator.Build.0 = Release|Any CPU
		{FFB08E93-3B85-4FEE-B3DA-85A4ED045781}.Ad-Hoc|x64.ActiveCfg = Release|Any CPU
		{FFB08E93-3B85-4FEE-B3DA-85A4ED045781}.Ad-Hoc|x64.Build.0 = Release|Any CPU
		{FFB08E93-3B85-4FEE-B3DA-85A4ED045781}.Ad-Hoc|x86.ActiveCfg = Release|Any CPU
		{FFB08E93-3B85-4FEE-B3DA-85A4ED045781}.Ad-Hoc|x86.Build.0 = Release|Any CPU
		{FFB08E93-3B85-4FEE-B3DA-85A4ED045781}.AppStore|Any CPU.ActiveCfg = Release|Any CPU
		{FFB08E93-3B85-4FEE-B3DA-85A4ED045781}.AppStore|Any CPU.Build.0 = Release|Any CPU
		{FFB08E93-3B85-4FEE-B3DA-85A4ED045781}.AppStore|ARM.ActiveCfg = Release|Any CPU
		{FFB08E93-3B85-4FEE-B3DA-85A4ED045781}.AppStore|ARM.Build.0 = Release|Any CPU
		{FFB08E93-3B85-4FEE-B3DA-85A4ED045781}.AppStore|iPhone.ActiveCfg = Release|Any CPU
		{FFB08E93-3B85-4FEE-B3DA-85A4ED045781}.AppStore|iPhone.Build.0 = Release|Any CPU
		{FFB08E93-3B85-4FEE-B3DA-85A4ED045781}.AppStore|iPhoneSimulator.ActiveCfg = Release|Any CPU
		{FFB08E93-3B85-4FEE-B3DA-85A4ED045781}.AppStore|iPhoneSimulator.Build.0 = Release|Any CPU
		{FFB08E93-3B85-4FEE-B3DA-85A4ED045781}.AppStore|x64.ActiveCfg = Release|Any CPU
		{FFB08E93-3B85-4FEE-B3DA-85A4ED045781}.AppStore|x64.Build.0 = Release|Any CPU
		{FFB08E93-3B85-4FEE-B3DA-85A4ED045781}.AppStore|x86.ActiveCfg = Release|Any CPU
		{FFB08E93-3B85-4FEE-B3DA-85A4ED045781}.AppStore|x86.Build.0 = Release|Any CPU
		{FFB08E93-3B85-4FEE-B3DA-85A4ED045781}.Debug|Any CPU.ActiveCfg = Debug|Any CPU
		{FFB08E93-3B85-4FEE-B3DA-85A4ED045781}.Debug|Any CPU.Build.0 = Debug|Any CPU
		{FFB08E93-3B85-4FEE-B3DA-85A4ED045781}.Debug|ARM.ActiveCfg = Debug|Any CPU
		{FFB08E93-3B85-4FEE-B3DA-85A4ED045781}.Debug|ARM.Build.0 = Debug|Any CPU
		{FFB08E93-3B85-4FEE-B3DA-85A4ED045781}.Debug|iPhone.ActiveCfg = Debug|Any CPU
		{FFB08E93-3B85-4FEE-B3DA-85A4ED045781}.Debug|iPhone.Build.0 = Debug|Any CPU
		{FFB08E93-3B85-4FEE-B3DA-85A4ED045781}.Debug|iPhoneSimulator.ActiveCfg = Debug|Any CPU
		{FFB08E93-3B85-4FEE-B3DA-85A4ED045781}.Debug|iPhoneSimulator.Build.0 = Debug|Any CPU
		{FFB08E93-3B85-4FEE-B3DA-85A4ED045781}.Debug|x64.ActiveCfg = Debug|Any CPU
		{FFB08E93-3B85-4FEE-B3DA-85A4ED045781}.Debug|x64.Build.0 = Debug|Any CPU
		{FFB08E93-3B85-4FEE-B3DA-85A4ED045781}.Debug|x86.ActiveCfg = Debug|Any CPU
		{FFB08E93-3B85-4FEE-B3DA-85A4ED045781}.Debug|x86.Build.0 = Debug|Any CPU
		{FFB08E93-3B85-4FEE-B3DA-85A4ED045781}.Release|Any CPU.ActiveCfg = Release|Any CPU
		{FFB08E93-3B85-4FEE-B3DA-85A4ED045781}.Release|Any CPU.Build.0 = Release|Any CPU
		{FFB08E93-3B85-4FEE-B3DA-85A4ED045781}.Release|ARM.ActiveCfg = Release|Any CPU
		{FFB08E93-3B85-4FEE-B3DA-85A4ED045781}.Release|ARM.Build.0 = Release|Any CPU
		{FFB08E93-3B85-4FEE-B3DA-85A4ED045781}.Release|iPhone.ActiveCfg = Release|Any CPU
		{FFB08E93-3B85-4FEE-B3DA-85A4ED045781}.Release|iPhone.Build.0 = Release|Any CPU
		{FFB08E93-3B85-4FEE-B3DA-85A4ED045781}.Release|iPhoneSimulator.ActiveCfg = Release|Any CPU
		{FFB08E93-3B85-4FEE-B3DA-85A4ED045781}.Release|iPhoneSimulator.Build.0 = Release|Any CPU
		{FFB08E93-3B85-4FEE-B3DA-85A4ED045781}.Release|x64.ActiveCfg = Release|Any CPU
		{FFB08E93-3B85-4FEE-B3DA-85A4ED045781}.Release|x64.Build.0 = Release|Any CPU
		{FFB08E93-3B85-4FEE-B3DA-85A4ED045781}.Release|x86.ActiveCfg = Release|Any CPU
		{FFB08E93-3B85-4FEE-B3DA-85A4ED045781}.Release|x86.Build.0 = Release|Any CPU
		{C491C1EE-B395-47A2-B789-07990A7857AA}.Ad-Hoc|Any CPU.ActiveCfg = Release|Any CPU
		{C491C1EE-B395-47A2-B789-07990A7857AA}.Ad-Hoc|Any CPU.Build.0 = Release|Any CPU
		{C491C1EE-B395-47A2-B789-07990A7857AA}.Ad-Hoc|ARM.ActiveCfg = Release|Any CPU
		{C491C1EE-B395-47A2-B789-07990A7857AA}.Ad-Hoc|ARM.Build.0 = Release|Any CPU
		{C491C1EE-B395-47A2-B789-07990A7857AA}.Ad-Hoc|iPhone.ActiveCfg = Release|Any CPU
		{C491C1EE-B395-47A2-B789-07990A7857AA}.Ad-Hoc|iPhone.Build.0 = Release|Any CPU
		{C491C1EE-B395-47A2-B789-07990A7857AA}.Ad-Hoc|iPhoneSimulator.ActiveCfg = Release|Any CPU
		{C491C1EE-B395-47A2-B789-07990A7857AA}.Ad-Hoc|iPhoneSimulator.Build.0 = Release|Any CPU
		{C491C1EE-B395-47A2-B789-07990A7857AA}.Ad-Hoc|x64.ActiveCfg = Release|Any CPU
		{C491C1EE-B395-47A2-B789-07990A7857AA}.Ad-Hoc|x64.Build.0 = Release|Any CPU
		{C491C1EE-B395-47A2-B789-07990A7857AA}.Ad-Hoc|x86.ActiveCfg = Release|Any CPU
		{C491C1EE-B395-47A2-B789-07990A7857AA}.Ad-Hoc|x86.Build.0 = Release|Any CPU
		{C491C1EE-B395-47A2-B789-07990A7857AA}.AppStore|Any CPU.ActiveCfg = Release|Any CPU
		{C491C1EE-B395-47A2-B789-07990A7857AA}.AppStore|Any CPU.Build.0 = Release|Any CPU
		{C491C1EE-B395-47A2-B789-07990A7857AA}.AppStore|ARM.ActiveCfg = Release|Any CPU
		{C491C1EE-B395-47A2-B789-07990A7857AA}.AppStore|ARM.Build.0 = Release|Any CPU
		{C491C1EE-B395-47A2-B789-07990A7857AA}.AppStore|iPhone.ActiveCfg = Release|Any CPU
		{C491C1EE-B395-47A2-B789-07990A7857AA}.AppStore|iPhone.Build.0 = Release|Any CPU
		{C491C1EE-B395-47A2-B789-07990A7857AA}.AppStore|iPhoneSimulator.ActiveCfg = Release|Any CPU
		{C491C1EE-B395-47A2-B789-07990A7857AA}.AppStore|iPhoneSimulator.Build.0 = Release|Any CPU
		{C491C1EE-B395-47A2-B789-07990A7857AA}.AppStore|x64.ActiveCfg = Release|Any CPU
		{C491C1EE-B395-47A2-B789-07990A7857AA}.AppStore|x64.Build.0 = Release|Any CPU
		{C491C1EE-B395-47A2-B789-07990A7857AA}.AppStore|x86.ActiveCfg = Release|Any CPU
		{C491C1EE-B395-47A2-B789-07990A7857AA}.AppStore|x86.Build.0 = Release|Any CPU
		{C491C1EE-B395-47A2-B789-07990A7857AA}.Debug|Any CPU.ActiveCfg = Debug|Any CPU
		{C491C1EE-B395-47A2-B789-07990A7857AA}.Debug|Any CPU.Build.0 = Debug|Any CPU
		{C491C1EE-B395-47A2-B789-07990A7857AA}.Debug|ARM.ActiveCfg = Debug|Any CPU
		{C491C1EE-B395-47A2-B789-07990A7857AA}.Debug|ARM.Build.0 = Debug|Any CPU
		{C491C1EE-B395-47A2-B789-07990A7857AA}.Debug|iPhone.ActiveCfg = Debug|Any CPU
		{C491C1EE-B395-47A2-B789-07990A7857AA}.Debug|iPhone.Build.0 = Debug|Any CPU
		{C491C1EE-B395-47A2-B789-07990A7857AA}.Debug|iPhoneSimulator.ActiveCfg = Debug|Any CPU
		{C491C1EE-B395-47A2-B789-07990A7857AA}.Debug|iPhoneSimulator.Build.0 = Debug|Any CPU
		{C491C1EE-B395-47A2-B789-07990A7857AA}.Debug|x64.ActiveCfg = Debug|Any CPU
		{C491C1EE-B395-47A2-B789-07990A7857AA}.Debug|x64.Build.0 = Debug|Any CPU
		{C491C1EE-B395-47A2-B789-07990A7857AA}.Debug|x86.ActiveCfg = Debug|Any CPU
		{C491C1EE-B395-47A2-B789-07990A7857AA}.Debug|x86.Build.0 = Debug|Any CPU
		{C491C1EE-B395-47A2-B789-07990A7857AA}.Release|Any CPU.ActiveCfg = Release|Any CPU
		{C491C1EE-B395-47A2-B789-07990A7857AA}.Release|Any CPU.Build.0 = Release|Any CPU
		{C491C1EE-B395-47A2-B789-07990A7857AA}.Release|ARM.ActiveCfg = Release|Any CPU
		{C491C1EE-B395-47A2-B789-07990A7857AA}.Release|ARM.Build.0 = Release|Any CPU
		{C491C1EE-B395-47A2-B789-07990A7857AA}.Release|iPhone.ActiveCfg = Release|Any CPU
		{C491C1EE-B395-47A2-B789-07990A7857AA}.Release|iPhone.Build.0 = Release|Any CPU
		{C491C1EE-B395-47A2-B789-07990A7857AA}.Release|iPhoneSimulator.ActiveCfg = Release|Any CPU
		{C491C1EE-B395-47A2-B789-07990A7857AA}.Release|iPhoneSimulator.Build.0 = Release|Any CPU
		{C491C1EE-B395-47A2-B789-07990A7857AA}.Release|x64.ActiveCfg = Release|Any CPU
		{C491C1EE-B395-47A2-B789-07990A7857AA}.Release|x64.Build.0 = Release|Any CPU
		{C491C1EE-B395-47A2-B789-07990A7857AA}.Release|x86.ActiveCfg = Release|Any CPU
		{C491C1EE-B395-47A2-B789-07990A7857AA}.Release|x86.Build.0 = Release|Any CPU
	EndGlobalSection
	GlobalSection(SolutionProperties) = preSolution
		HideSolutionNode = FALSE
	EndGlobalSection
	GlobalSection(ExtensibilityGlobals) = postSolution
		SolutionGuid = {7B176ED0-C063-4887-B5B0-72C8BA38F7E8}
	EndGlobalSection
EndGlobal
